// !$*UTF8*$!
{
	archiveVersion = 1;
	classes = {
	};
	objectVersion = 60;
	objects = {

/* Begin PBXBuildFile section */
		7403AB222F364D74002FAF54 /* Assets.xcassets in Resources */ = {isa = PBXBuildFile; fileRef = 7403AB172F364D74002FAF54 /* Assets.xcassets */; };
		7403AB242F364D74002FAF54 /* LaunchScreen.storyboard in Resources */ = {isa = PBXBuildFile; fileRef = 7403AB1C2F364D74002FAF54 /* LaunchScreen.storyboard */; };
		7403AB252F364D74002FAF54 /* Main.storyboard in Resources */ = {isa = PBXBuildFile; fileRef = 7403AB1E2F364D74002FAF54 /* Main.storyboard */; };
		7403AB262F364D74002FAF54 /* Achievement.swift in Sources */ = {isa = PBXBuildFile; fileRef = 7403AAFB2F364D74002FAF54 /* Achievement.swift */; };
		7403AB272F364D74002FAF54 /* AppSettings.swift in Sources */ = {isa = PBXBuildFile; fileRef = 7403AAFC2F364D74002FAF54 /* AppSettings.swift */; };
		7403AB282F364D74002FAF54 /* BreathingProgram.swift in Sources */ = {isa = PBXBuildFile; fileRef = 7403AAFD2F364D74002FAF54 /* BreathingProgram.swift */; };
		7403AB292F364D74002FAF54 /* PulseEntry.swift in Sources */ = {isa = PBXBuildFile; fileRef = 7403AAFE2F364D74002FAF54 /* PulseEntry.swift */; };
		7403AB2A2F364D74002FAF54 /* Recommendation.swift in Sources */ = {isa = PBXBuildFile; fileRef = 7403AAFF2F364D74002FAF54 /* Recommendation.swift */; };
		7403AB2B2F364D74002FAF54 /* SessionRecord.swift in Sources */ = {isa = PBXBuildFile; fileRef = 7403AB002F364D74002FAF54 /* SessionRecord.swift */; };
		7403AB2C2F364D74002FAF54 /* NotificationManager.swift in Sources */ = {isa = PBXBuildFile; fileRef = 7403AB022F364D74002FAF54 /* NotificationManager.swift */; };
		7403AB2D2F364D74002FAF54 /* CheckLink.swift in Sources */ = {isa = PBXBuildFile; fileRef = 7403AB042F364D74002FAF54 /* CheckLink.swift */; };
		7403AB2E2F364D74002FAF54 /* InternetViewController.swift in Sources */ = {isa = PBXBuildFile; fileRef = 7403AB052F364D74002FAF54 /* InternetViewController.swift */; };
		7403AB2F2F364D74002FAF54 /* LoaderViewController.swift in Sources */ = {isa = PBXBuildFile; fileRef = 7403AB062F364D74002FAF54 /* LoaderViewController.swift */; };
		7403AB302F364D74002FAF54 /* AchievementsView.swift in Sources */ = {isa = PBXBuildFile; fileRef = 7403AB082F364D74002FAF54 /* AchievementsView.swift */; };
		7403AB312F364D74002FAF54 /* ActivityCalendarView.swift in Sources */ = {isa = PBXBuildFile; fileRef = 7403AB092F364D74002FAF54 /* ActivityCalendarView.swift */; };
		7403AB322F364D74002FAF54 /* AfterWorkoutView.swift in Sources */ = {isa = PBXBuildFile; fileRef = 7403AB0A2F364D74002FAF54 /* AfterWorkoutView.swift */; };
		7403AB332F364D74002FAF54 /* BreathingSessionView.swift in Sources */ = {isa = PBXBuildFile; fileRef = 7403AB0B2F364D74002FAF54 /* BreathingSessionView.swift */; };
		7403AB342F364D74002FAF54 /* GalaxyProgressView.swift in Sources */ = {isa = PBXBuildFile; fileRef = 7403AB0C2F364D74002FAF54 /* GalaxyProgressView.swift */; };
		7403AB352F364D74002FAF54 /* OnboardingView.swift in Sources */ = {isa = PBXBuildFile; fileRef = 7403AB0D2F364D74002FAF54 /* OnboardingView.swift */; };
		7403AB362F364D74002FAF54 /* ProgramDetailView.swift in Sources */ = {isa = PBXBuildFile; fileRef = 7403AB0E2F364D74002FAF54 /* ProgramDetailView.swift */; };
		7403AB372F364D74002FAF54 /* ProgramListView.swift in Sources */ = {isa = PBXBuildFile; fileRef = 7403AB0F2F364D74002FAF54 /* ProgramListView.swift */; };
		7403AB382F364D74002FAF54 /* PulseInputView.swift in Sources */ = {isa = PBXBuildFile; fileRef = 7403AB102F364D74002FAF54 /* PulseInputView.swift */; };
		7403AB392F364D74002FAF54 /* SessionDetailView.swift in Sources */ = {isa = PBXBuildFile; fileRef = 7403AB112F364D74002FAF54 /* SessionDetailView.swift */; };
		7403AB3A2F364D74002FAF54 /* SettingsView.swift in Sources */ = {isa = PBXBuildFile; fileRef = 7403AB122F364D74002FAF54 /* SettingsView.swift */; };
		7403AB3B2F364D74002FAF54 /* StarfieldBackground.swift in Sources */ = {isa = PBXBuildFile; fileRef = 7403AB132F364D74002FAF54 /* StarfieldBackground.swift */; };
		7403AB3C2F364D74002FAF54 /* StatisticsView.swift in Sources */ = {isa = PBXBuildFile; fileRef = 7403AB142F364D74002FAF54 /* StatisticsView.swift */; };
		7403AB3D2F364D74002FAF54 /* AppDelegate.swift in Sources */ = {isa = PBXBuildFile; fileRef = 7403AB162F364D74002FAF54 /* AppDelegate.swift */; };
		7403AB3E2F364D74002FAF54 /* ContentView.swift in Sources */ = {isa = PBXBuildFile; fileRef = 7403AB182F364D74002FAF54 /* ContentView.swift */; };
		7403AB3F2F364D74002FAF54 /* DSBTheme.swift in Sources */ = {isa = PBXBuildFile; fileRef = 7403AB192F364D74002FAF54 /* DSBTheme.swift */; };
		7403AB402F364D74002FAF54 /* SceneDelegate.swift in Sources */ = {isa = PBXBuildFile; fileRef = 7403AB1F2F364D74002FAF54 /* SceneDelegate.swift */; };
		7403AB412F364D74002FAF54 /* ViewController.swift in Sources */ = {isa = PBXBuildFile; fileRef = 7403AB202F364D74002FAF54 /* ViewController.swift */; };
/* End PBXBuildFile section */

/* Begin PBXFileReference section */
		5043082BAE54EDCC201251A0 /* Pods-75DeepSpaceBreath.release.xcconfig */ = {isa = PBXFileReference; includeInIndex = 1; lastKnownFileType = text.xcconfig; name = "Pods-75DeepSpaceBreath.release.xcconfig"; path = "Target Support Files/Pods-75DeepSpaceBreath/Pods-75DeepSpaceBreath.release.xcconfig"; sourceTree = "<group>"; };
		7403AAFB2F364D74002FAF54 /* Achievement.swift */ = {isa = PBXFileReference; lastKnownFileType = sourcecode.swift; path = Achievement.swift; sourceTree = "<group>"; };
		7403AAFC2F364D74002FAF54 /* AppSettings.swift */ = {isa = PBXFileReference; lastKnownFileType = sourcecode.swift; path = AppSettings.swift; sourceTree = "<group>"; };
		7403AAFD2F364D74002FAF54 /* BreathingProgram.swift */ = {isa = PBXFileReference; lastKnownFileType = sourcecode.swift; path = BreathingProgram.swift; sourceTree = "<group>"; };
		7403AAFE2F364D74002FAF54 /* PulseEntry.swift */ = {isa = PBXFileReference; lastKnownFileType = sourcecode.swift; path = PulseEntry.swift; sourceTree = "<group>"; };
		7403AAFF2F364D74002FAF54 /* Recommendation.swift */ = {isa = PBXFileReference; lastKnownFileType = sourcecode.swift; path = Recommendation.swift; sourceTree = "<group>"; };
		7403AB002F364D74002FAF54 /* SessionRecord.swift */ = {isa = PBXFileReference; lastKnownFileType = sourcecode.swift; path = SessionRecord.swift; sourceTree = "<group>"; };
		7403AB022F364D74002FAF54 /* NotificationManager.swift */ = {isa = PBXFileReference; lastKnownFileType = sourcecode.swift; path = NotificationManager.swift; sourceTree = "<group>"; };
		7403AB042F364D74002FAF54 /* CheckLink.swift */ = {isa = PBXFileReference; lastKnownFileType = sourcecode.swift; path = CheckLink.swift; sourceTree = "<group>"; };
		7403AB052F364D74002FAF54 /* InternetViewController.swift */ = {isa = PBXFileReference; lastKnownFileType = sourcecode.swift; path = InternetViewController.swift; sourceTree = "<group>"; };
		7403AB062F364D74002FAF54 /* LoaderViewController.swift */ = {isa = PBXFileReference; lastKnownFileType = sourcecode.swift; path = LoaderViewController.swift; sourceTree = "<group>"; };
		7403AB082F364D74002FAF54 /* AchievementsView.swift */ = {isa = PBXFileReference; lastKnownFileType = sourcecode.swift; path = AchievementsView.swift; sourceTree = "<group>"; };
		7403AB092F364D74002FAF54 /* ActivityCalendarView.swift */ = {isa = PBXFileReference; lastKnownFileType = sourcecode.swift; path = ActivityCalendarView.swift; sourceTree = "<group>"; };
		7403AB0A2F364D74002FAF54 /* AfterWorkoutView.swift */ = {isa = PBXFileReference; lastKnownFileType = sourcecode.swift; path = AfterWorkoutView.swift; sourceTree = "<group>"; };
		7403AB0B2F364D74002FAF54 /* BreathingSessionView.swift */ = {isa = PBXFileReference; lastKnownFileType = sourcecode.swift; path = BreathingSessionView.swift; sourceTree = "<group>"; };
		7403AB0C2F364D74002FAF54 /* GalaxyProgressView.swift */ = {isa = PBXFileReference; lastKnownFileType = sourcecode.swift; path = GalaxyProgressView.swift; sourceTree = "<group>"; };
		7403AB0D2F364D74002FAF54 /* OnboardingView.swift */ = {isa = PBXFileReference; lastKnownFileType = sourcecode.swift; path = OnboardingView.swift; sourceTree = "<group>"; };
		7403AB0E2F364D74002FAF54 /* ProgramDetailView.swift */ = {isa = PBXFileReference; lastKnownFileType = sourcecode.swift; path = ProgramDetailView.swift; sourceTree = "<group>"; };
		7403AB0F2F364D74002FAF54 /* ProgramListView.swift */ = {isa = PBXFileReference; lastKnownFileType = sourcecode.swift; path = ProgramListView.swift; sourceTree = "<group>"; };
		7403AB102F364D74002FAF54 /* PulseInputView.swift */ = {isa = PBXFileReference; lastKnownFileType = sourcecode.swift; path = PulseInputView.swift; sourceTree = "<group>"; };
		7403AB112F364D74002FAF54 /* SessionDetailView.swift */ = {isa = PBXFileReference; lastKnownFileType = sourcecode.swift; path = SessionDetailView.swift; sourceTree = "<group>"; };
		7403AB122F364D74002FAF54 /* SettingsView.swift */ = {isa = PBXFileReference; lastKnownFileType = sourcecode.swift; path = SettingsView.swift; sourceTree = "<group>"; };
		7403AB132F364D74002FAF54 /* StarfieldBackground.swift */ = {isa = PBXFileReference; lastKnownFileType = sourcecode.swift; path = StarfieldBackground.swift; sourceTree = "<group>"; };
		7403AB142F364D74002FAF54 /* StatisticsView.swift */ = {isa = PBXFileReference; lastKnownFileType = sourcecode.swift; path = StatisticsView.swift; sourceTree = "<group>"; };
		7403AB162F364D74002FAF54 /* AppDelegate.swift */ = {isa = PBXFileReference; lastKnownFileType = sourcecode.swift; path = AppDelegate.swift; sourceTree = "<group>"; };
		7403AB172F364D74002FAF54 /* Assets.xcassets */ = {isa = PBXFileReference; lastKnownFileType = folder.assetcatalog; path = Assets.xcassets; sourceTree = "<group>"; };
		7403AB182F364D74002FAF54 /* ContentView.swift */ = {isa = PBXFileReference; lastKnownFileType = sourcecode.swift; path = ContentView.swift; sourceTree = "<group>"; };
		7403AB192F364D74002FAF54 /* DSBTheme.swift */ = {isa = PBXFileReference; lastKnownFileType = sourcecode.swift; path = DSBTheme.swift; sourceTree = "<group>"; };
		7403AB1A2F364D74002FAF54 /* Info.plist */ = {isa = PBXFileReference; lastKnownFileType = text.plist.xml; path = Info.plist; sourceTree = "<group>"; };
		7403AB1B2F364D74002FAF54 /* Base */ = {isa = PBXFileReference; lastKnownFileType = file.storyboard; name = Base; path = Base.lproj/LaunchScreen.storyboard; sourceTree = "<group>"; };
		7403AB1D2F364D74002FAF54 /* Base */ = {isa = PBXFileReference; lastKnownFileType = file.storyboard; name = Base; path = Base.lproj/Main.storyboard; sourceTree = "<group>"; };
		7403AB1F2F364D74002FAF54 /* SceneDelegate.swift */ = {isa = PBXFileReference; lastKnownFileType = sourcecode.swift; path = SceneDelegate.swift; sourceTree = "<group>"; };
		7403AB202F364D74002FAF54 /* ViewController.swift */ = {isa = PBXFileReference; lastKnownFileType = sourcecode.swift; path = ViewController.swift; sourceTree = "<group>"; };
		746154EC2F2C9478009F9968 /* 75DeepSpaceBreath.app */ = {isa = PBXFileReference; explicitFileType = wrapper.application; includeInIndex = 0; path = 75DeepSpaceBreath.app; sourceTree = BUILT_PRODUCTS_DIR; };
		8451653C78969E7563E7BFD1 /* Pods-75DeepSpaceBreath.debug.xcconfig */ = {isa = PBXFileReference; includeInIndex = 1; lastKnownFileType = text.xcconfig; name = "Pods-75DeepSpaceBreath.debug.xcconfig"; path = "Target Support Files/Pods-75DeepSpaceBreath/Pods-75DeepSpaceBreath.debug.xcconfig"; sourceTree = "<group>"; };
		8DB8B7BC5EB1171387DD5516 /* Pods_75DeepSpaceBreath.framework */ = {isa = PBXFileReference; explicitFileType = wrapper.framework; includeInIndex = 0; path = Pods_75DeepSpaceBreath.framework; sourceTree = BUILT_PRODUCTS_DIR; };
/* End PBXFileReference section */

/* Begin PBXFrameworksBuildPhase section */
		746154E92F2C9478009F9968 /* Frameworks */ = {
			isa = PBXFrameworksBuildPhase;
			buildActionMask = 2147483647;
			files = (
			);
			runOnlyForDeploymentPostprocessing = 0;
		};
/* End PBXFrameworksBuildPhase section */

/* Begin PBXGroup section */
		4F3FFF26EEE94035D6FCADA7 /* Pods */ = {
			isa = PBXGroup;
			children = (
				8451653C78969E7563E7BFD1 /* Pods-75DeepSpaceBreath.debug.xcconfig */,
				5043082BAE54EDCC201251A0 /* Pods-75DeepSpaceBreath.release.xcconfig */,
			);
			path = Pods;
			sourceTree = "<group>";
		};
		60FBA59F526EC7BC944F24F2 /* Frameworks */ = {
			isa = PBXGroup;
			children = (
				8DB8B7BC5EB1171387DD5516 /* Pods_75DeepSpaceBreath.framework */,
			);
			name = Frameworks;
			sourceTree = "<group>";
		};
		7403AB012F364D74002FAF54 /* Models */ = {
			isa = PBXGroup;
			children = (
				7403AAFB2F364D74002FAF54 /* Achievement.swift */,
				7403AAFC2F364D74002FAF54 /* AppSettings.swift */,
				7403AAFD2F364D74002FAF54 /* BreathingProgram.swift */,
				7403AAFE2F364D74002FAF54 /* PulseEntry.swift */,
				7403AAFF2F364D74002FAF54 /* Recommendation.swift */,
				7403AB002F364D74002FAF54 /* SessionRecord.swift */,
			);
			path = Models;
			sourceTree = "<group>";
		};
		7403AB032F364D74002FAF54 /* Services */ = {
			isa = PBXGroup;
			children = (
				7403AB022F364D74002FAF54 /* NotificationManager.swift */,
			);
			path = Services;
			sourceTree = "<group>";
		};
		7403AB072F364D74002FAF54 /* LoadingView */ = {
			isa = PBXGroup;
			children = (
				7403AB042F364D74002FAF54 /* CheckLink.swift */,
				7403AB052F364D74002FAF54 /* InternetViewController.swift */,
				7403AB062F364D74002FAF54 /* LoaderViewController.swift */,
			);
			path = LoadingView;
			sourceTree = "<group>";
		};
		7403AB152F364D74002FAF54 /* Views */ = {
			isa = PBXGroup;
			children = (
				7403AB072F364D74002FAF54 /* LoadingView */,
				7403AB082F364D74002FAF54 /* AchievementsView.swift */,
				7403AB092F364D74002FAF54 /* ActivityCalendarView.swift */,
				7403AB0A2F364D74002FAF54 /* AfterWorkoutView.swift */,
				7403AB0B2F364D74002FAF54 /* BreathingSessionView.swift */,
				7403AB0C2F364D74002FAF54 /* GalaxyProgressView.swift */,
				7403AB0D2F364D74002FAF54 /* OnboardingView.swift */,
				7403AB0E2F364D74002FAF54 /* ProgramDetailView.swift */,
				7403AB0F2F364D74002FAF54 /* ProgramListView.swift */,
				7403AB102F364D74002FAF54 /* PulseInputView.swift */,
				7403AB112F364D74002FAF54 /* SessionDetailView.swift */,
				7403AB122F364D74002FAF54 /* SettingsView.swift */,
				7403AB132F364D74002FAF54 /* StarfieldBackground.swift */,
				7403AB142F364D74002FAF54 /* StatisticsView.swift */,
			);
			path = Views;
			sourceTree = "<group>";
		};
		7403AB212F364D74002FAF54 /* 75DeepSpaceBreath */ = {
			isa = PBXGroup;
			children = (
				7403AB012F364D74002FAF54 /* Models */,
				7403AB032F364D74002FAF54 /* Services */,
				7403AB152F364D74002FAF54 /* Views */,
				7403AB162F364D74002FAF54 /* AppDelegate.swift */,
				7403AB172F364D74002FAF54 /* Assets.xcassets */,
				7403AB182F364D74002FAF54 /* ContentView.swift */,
				7403AB192F364D74002FAF54 /* DSBTheme.swift */,
				7403AB1A2F364D74002FAF54 /* Info.plist */,
				7403AB1C2F364D74002FAF54 /* LaunchScreen.storyboard */,
				7403AB1E2F364D74002FAF54 /* Main.storyboard */,
				7403AB1F2F364D74002FAF54 /* SceneDelegate.swift */,
				7403AB202F364D74002FAF54 /* ViewController.swift */,
			);
			path = 75DeepSpaceBreath;
			sourceTree = "<group>";
		};
		746154E32F2C9478009F9968 = {
			isa = PBXGroup;
			children = (
				7403AB212F364D74002FAF54 /* 75DeepSpaceBreath */,
				746154ED2F2C9478009F9968 /* Products */,
				4F3FFF26EEE94035D6FCADA7 /* Pods */,
				60FBA59F526EC7BC944F24F2 /* Frameworks */,
			);
			sourceTree = "<group>";
		};
		746154ED2F2C9478009F9968 /* Products */ = {
			isa = PBXGroup;
			children = (
				746154EC2F2C9478009F9968 /* 75DeepSpaceBreath.app */,
			);
			name = Products;
			sourceTree = "<group>";
		};
/* End PBXGroup section */

/* Begin PBXNativeTarget section */
		746154EB2F2C9478009F9968 /* 75DeepSpaceBreath */ = {
			isa = PBXNativeTarget;
			buildConfigurationList = 746154FF2F2C9479009F9968 /* Build configuration list for PBXNativeTarget "75DeepSpaceBreath" */;
			buildPhases = (
				DB5543A2C18F956A16AABE71 /* [CP] Check Pods Manifest.lock */,
				746154E82F2C9478009F9968 /* Sources */,
				746154E92F2C9478009F9968 /* Frameworks */,
				746154EA2F2C9478009F9968 /* Resources */,
			);
			buildRules = (
			);
			dependencies = (
			);
			name = 75DeepSpaceBreath;
			productName = 75DeepSpaceBreath;
			productReference = 746154EC2F2C9478009F9968 /* 75DeepSpaceBreath.app */;
			productType = "com.apple.product-type.application";
		};
/* End PBXNativeTarget section */

/* Begin PBXProject section */
		746154E42F2C9478009F9968 /* Project object */ = {
			isa = PBXProject;
			attributes = {
				BuildIndependentTargetsInParallel = 1;
				LastSwiftUpdateCheck = 2620;
				LastUpgradeCheck = 2620;
				TargetAttributes = {
					746154EB2F2C9478009F9968 = {
						CreatedOnToolsVersion = 26.2;
					};
				};
			};
			buildConfigurationList = 746154E72F2C9478009F9968 /* Build configuration list for PBXProject "75DeepSpaceBreath" */;
			compatibilityVersion = "Xcode 15.0";
			developmentRegion = en;
			hasScannedForEncodings = 0;
			knownRegions = (
				en,
				Base,
			);
			mainGroup = 746154E32F2C9478009F9968;
			productRefGroup = 746154ED2F2C9478009F9968 /* Products */;
			projectDirPath = "";
			projectRoot = "";
			targets = (
				746154EB2F2C9478009F9968 /* 75DeepSpaceBreath */,
			);
		};
/* End PBXProject section */

/* Begin PBXResourcesBuildPhase section */
		746154EA2F2C9478009F9968 /* Resources */ = {
			isa = PBXResourcesBuildPhase;
			buildActionMask = 2147483647;
			files = (
				7403AB222F364D74002FAF54 /* Assets.xcassets in Resources */,
				7403AB242F364D74002FAF54 /* LaunchScreen.storyboard in Resources */,
				7403AB252F364D74002FAF54 /* Main.storyboard in Resources */,
			);
			runOnlyForDeploymentPostprocessing = 0;
		};
/* End PBXResourcesBuildPhase section */

/* Begin PBXShellScriptBuildPhase section */
		DB5543A2C18F956A16AABE71 /* [CP] Check Pods Manifest.lock */ = {
			isa = PBXShellScriptBuildPhase;
			buildActionMask = 2147483647;
			files = (
			);
			inputFileListPaths = (
			);
			inputPaths = (
				"${PODS_PODFILE_DIR_PATH}/Podfile.lock",
				"${PODS_ROOT}/Manifest.lock",
			);
			name = "[CP] Check Pods Manifest.lock";
			outputFileListPaths = (
			);
			outputPaths = (
				"$(DERIVED_FILE_DIR)/Pods-75DeepSpaceBreath-checkManifestLockResult.txt",
			);
			runOnlyForDeploymentPostprocessing = 0;
			shellPath = /bin/sh;
			shellScript = "diff \"${PODS_PODFILE_DIR_PATH}/Podfile.lock\" \"${PODS_ROOT}/Manifest.lock\" > /dev/null\nif [ $? != 0 ] ; then\n    # print error to STDERR\n    echo \"error: The sandbox is not in sync with the Podfile.lock. Run 'pod install' or update your CocoaPods installation.\" >&2\n    exit 1\nfi\n# This output is used by Xcode 'outputs' to avoid re-running this script phase.\necho \"SUCCESS\" > \"${SCRIPT_OUTPUT_FILE_0}\"\n";
			showEnvVarsInLog = 0;
		};
/* End PBXShellScriptBuildPhase section */

/* Begin PBXSourcesBuildPhase section */
		746154E82F2C9478009F9968 /* Sources */ = {
			isa = PBXSourcesBuildPhase;
			buildActionMask = 2147483647;
			files = (
				7403AB262F364D74002FAF54 /* Achievement.swift in Sources */,
				7403AB272F364D74002FAF54 /* AppSettings.swift in Sources */,
				7403AB282F364D74002FAF54 /* BreathingProgram.swift in Sources */,
				7403AB292F364D74002FAF54 /* PulseEntry.swift in Sources */,
				7403AB2A2F364D74002FAF54 /* Recommendation.swift in Sources */,
				7403AB2B2F364D74002FAF54 /* SessionRecord.swift in Sources */,
				7403AB2C2F364D74002FAF54 /* NotificationManager.swift in Sources */,
				7403AB2D2F364D74002FAF54 /* CheckLink.swift in Sources */,
				7403AB2E2F364D74002FAF54 /* InternetViewController.swift in Sources */,
				7403AB2F2F364D74002FAF54 /* LoaderViewController.swift in Sources */,
				7403AB302F364D74002FAF54 /* AchievementsView.swift in Sources */,
				7403AB312F364D74002FAF54 /* ActivityCalendarView.swift in Sources */,
				7403AB322F364D74002FAF54 /* AfterWorkoutView.swift in Sources */,
				7403AB332F364D74002FAF54 /* BreathingSessionView.swift in Sources */,
				7403AB342F364D74002FAF54 /* GalaxyProgressView.swift in Sources */,
				7403AB352F364D74002FAF54 /* OnboardingView.swift in Sources */,
				7403AB362F364D74002FAF54 /* ProgramDetailView.swift in Sources */,
				7403AB372F364D74002FAF54 /* ProgramListView.swift in Sources */,
				7403AB382F364D74002FAF54 /* PulseInputView.swift in Sources */,
				7403AB392F364D74002FAF54 /* SessionDetailView.swift in Sources */,
				7403AB3A2F364D74002FAF54 /* SettingsView.swift in Sources */,
				7403AB3B2F364D74002FAF54 /* StarfieldBackground.swift in Sources */,
				7403AB3C2F364D74002FAF54 /* StatisticsView.swift in Sources */,
				7403AB3D2F364D74002FAF54 /* AppDelegate.swift in Sources */,
				7403AB3E2F364D74002FAF54 /* ContentView.swift in Sources */,
				7403AB3F2F364D74002FAF54 /* DSBTheme.swift in Sources */,
				7403AB402F364D74002FAF54 /* SceneDelegate.swift in Sources */,
				7403AB412F364D74002FAF54 /* ViewController.swift in Sources */,
			);
			runOnlyForDeploymentPostprocessing = 0;
		};
/* End PBXSourcesBuildPhase section */

/* Begin PBXVariantGroup section */
		7403AB1C2F364D74002FAF54 /* LaunchScreen.storyboard */ = {
			isa = PBXVariantGroup;
			children = (
				7403AB1B2F364D74002FAF54 /* Base */,
			);
			name = LaunchScreen.storyboard;
			sourceTree = "<group>";
		};
		7403AB1E2F364D74002FAF54 /* Main.storyboard */ = {
			isa = PBXVariantGroup;
			children = (
				7403AB1D2F364D74002FAF54 /* Base */,
			);
			name = Main.storyboard;
			sourceTree = "<group>";
		};
/* End PBXVariantGroup section */

/* Begin XCBuildConfiguration section */
		746155002F2C9479009F9968 /* Debug */ = {
			isa = XCBuildConfiguration;
			baseConfigurationReference = 8451653C78969E7563E7BFD1 /* Pods-75DeepSpaceBreath.debug.xcconfig */;
			buildSettings = {
				ASSETCATALOG_COMPILER_APPICON_NAME = AppIcon;
				ASSETCATALOG_COMPILER_GLOBAL_ACCENT_COLOR_NAME = AccentColor;
				CODE_SIGN_STYLE = Automatic;
				CURRENT_PROJECT_VERSION = 2;
				GENERATE_INFOPLIST_FILE = YES;
				INFOPLIST_FILE = 75DeepSpaceBreath/Info.plist;
				INFOPLIST_KEY_CFBundleDisplayName = "WilneSpace Breath";
				INFOPLIST_KEY_UIApplicationSupportsIndirectInputEvents = YES;
				INFOPLIST_KEY_UILaunchStoryboardName = LaunchScreen;
				INFOPLIST_KEY_UIMainStoryboardFile = Main;
				INFOPLIST_KEY_UISupportedInterfaceOrientations = UIInterfaceOrientationPortrait;
				INFOPLIST_KEY_UISupportedInterfaceOrientations_iPad = "UIInterfaceOrientationLandscapeLeft UIInterfaceOrientationLandscapeRight UIInterfaceOrientationPortrait UIInterfaceOrientationPortraitUpsideDown";
				INFOPLIST_KEY_UIUserInterfaceStyle = Dark;
				IPHONEOS_DEPLOYMENT_TARGET = 17;
				LD_RUNPATH_SEARCH_PATHS = (
					"$(inherited)",
					"@executable_path/Frameworks",
				);
				MARKETING_VERSION = 1.0;
				PRODUCT_BUNDLE_IDENTIFIER = com.lin.w9ln2sp5c3br93th;
				PRODUCT_NAME = "$(TARGET_NAME)";
				STRING_CATALOG_GENERATE_SYMBOLS = YES;
				SUPPORTED_PLATFORMS = "iphoneos iphonesimulator";
				SUPPORTS_MACCATALYST = NO;
				SUPPORTS_MAC_DESIGNED_FOR_IPHONE_IPAD = NO;
				SUPPORTS_XR_DESIGNED_FOR_IPHONE_IPAD = NO;
				SWIFT_APPROACHABLE_CONCURRENCY = YES;
				SWIFT_DEFAULT_ACTOR_ISOLATION = MainActor;
				SWIFT_EMIT_LOC_STRINGS = YES;
				SWIFT_UPCOMING_FEATURE_MEMBER_IMPORT_VISIBILITY = YES;
				SWIFT_VERSION = 5.0;
				TARGETED_DEVICE_FAMILY = 1;
			};
			name = Debug;
		};
		746155012F2C9479009F9968 /* Release */ = {
			isa = XCBuildConfiguration;
			baseConfigurationReference = 5043082BAE54EDCC201251A0 /* Pods-75DeepSpaceBreath.release.xcconfig */;
			buildSettings = {
				ASSETCATALOG_COMPILER_APPICON_NAME = AppIcon;
				ASSETCATALOG_COMPILER_GLOBAL_ACCENT_COLOR_NAME = AccentColor;
				CODE_SIGN_STYLE = Automatic;
				CURRENT_PROJECT_VERSION = 2;
				GENERATE_INFOPLIST_FILE = YES;
				INFOPLIST_FILE = 75DeepSpaceBreath/Info.plist;
				INFOPLIST_KEY_CFBundleDisplayName = "WilneSpace Breath";
				INFOPLIST_KEY_UIApplicationSupportsIndirectInputEvents = YES;
				INFOPLIST_KEY_UILaunchStoryboardName = LaunchScreen;
				INFOPLIST_KEY_UIMainStoryboardFile = Main;
				INFOPLIST_KEY_UISupportedInterfaceOrientations = UIInterfaceOrientationPortrait;
				INFOPLIST_KEY_UISupportedInterfaceOrientations_iPad = "UIInterfaceOrientationLandscapeLeft UIInterfaceOrientationLandscapeRight UIInterfaceOrientationPortrait UIInterfaceOrientationPortraitUpsideDown";
				INFOPLIST_KEY_UIUserInterfaceStyle = Dark;
				IPHONEOS_DEPLOYMENT_TARGET = 17;
				LD_RUNPATH_SEARCH_PATHS = (
					"$(inherited)",
					"@executable_path/Frameworks",
				);
				MARKETING_VERSION = 1.0;
				PRODUCT_BUNDLE_IDENTIFIER = com.lin.w9ln2sp5c3br93th;
				PRODUCT_NAME = "$(TARGET_NAME)";
				STRING_CATALOG_GENERATE_SYMBOLS = YES;
				SUPPORTED_PLATFORMS = "iphoneos iphonesimulator";
				SUPPORTS_MACCATALYST = NO;
				SUPPORTS_MAC_DESIGNED_FOR_IPHONE_IPAD = NO;
				SUPPORTS_XR_DESIGNED_FOR_IPHONE_IPAD = NO;
				SWIFT_APPROACHABLE_CONCURRENCY = YES;
				SWIFT_DEFAULT_ACTOR_ISOLATION = MainActor;
				SWIFT_EMIT_LOC_STRINGS = YES;
				SWIFT_UPCOMING_FEATURE_MEMBER_IMPORT_VISIBILITY = YES;
				SWIFT_VERSION = 5.0;
				TARGETED_DEVICE_FAMILY = 1;
			};
			name = Release;
		};
		746155022F2C9479009F9968 /* Debug */ = {
			isa = XCBuildConfiguration;
			buildSettings = {
				ALWAYS_SEARCH_USER_PATHS = NO;
				ASSETCATALOG_COMPILER_GENERATE_SWIFT_ASSET_SYMBOL_EXTENSIONS = YES;
				CLANG_ANALYZER_NONNULL = YES;
				CLANG_ANALYZER_NUMBER_OBJECT_CONVERSION = YES_AGGRESSIVE;
				CLANG_CXX_LANGUAGE_STANDARD = "gnu++20";
				CLANG_ENABLE_MODULES = YES;
				CLANG_ENABLE_OBJC_ARC = YES;
				CLANG_ENABLE_OBJC_WEAK = YES;
				CLANG_WARN_BLOCK_CAPTURE_AUTORELEASING = YES;
				CLANG_WARN_BOOL_CONVERSION = YES;
				CLANG_WARN_COMMA = YES;
				CLANG_WARN_CONSTANT_CONVERSION = YES;
				CLANG_WARN_DEPRECATED_OBJC_IMPLEMENTATIONS = YES;
				CLANG_WARN_DIRECT_OBJC_ISA_USAGE = YES_ERROR;
				CLANG_WARN_DOCUMENTATION_COMMENTS = YES;
				CLANG_WARN_EMPTY_BODY = YES;
				CLANG_WARN_ENUM_CONVERSION = YES;
				CLANG_WARN_INFINITE_RECURSION = YES;
				CLANG_WARN_INT_CONVERSION = YES;
				CLANG_WARN_NON_LITERAL_NULL_CONVERSION = YES;
				CLANG_WARN_OBJC_IMPLICIT_RETAIN_SELF = YES;
				CLANG_WARN_OBJC_LITERAL_CONVERSION = YES;
				CLANG_WARN_OBJC_ROOT_CLASS = YES_ERROR;
				CLANG_WARN_QUOTED_INCLUDE_IN_FRAMEWORK_HEADER = YES;
				CLANG_WARN_RANGE_LOOP_ANALYSIS = YES;
				CLANG_WARN_STRICT_PROTOTYPES = YES;
				CLANG_WARN_SUSPICIOUS_MOVE = YES;
				CLANG_WARN_UNGUARDED_AVAILABILITY = YES_AGGRESSIVE;
				CLANG_WARN_UNREACHABLE_CODE = YES;
				CLANG_WARN__DUPLICATE_METHOD_MATCH = YES;
				COPY_PHASE_STRIP = NO;
				DEBUG_INFORMATION_FORMAT = dwarf;
				ENABLE_STRICT_OBJC_MSGSEND = YES;
				ENABLE_TESTABILITY = YES;
				ENABLE_USER_SCRIPT_SANDBOXING = YES;
				GCC_C_LANGUAGE_STANDARD = gnu17;
				GCC_DYNAMIC_NO_PIC = NO;
				GCC_NO_COMMON_BLOCKS = YES;
				GCC_OPTIMIZATION_LEVEL = 0;
				GCC_PREPROCESSOR_DEFINITIONS = (
					"DEBUG=1",
					"$(inherited)",
				);
				GCC_WARN_64_TO_32_BIT_CONVERSION = YES;
				GCC_WARN_ABOUT_RETURN_TYPE = YES_ERROR;
				GCC_WARN_UNDECLARED_SELECTOR = YES;
				GCC_WARN_UNINITIALIZED_AUTOS = YES_AGGRESSIVE;
				GCC_WARN_UNUSED_FUNCTION = YES;
				GCC_WARN_UNUSED_VARIABLE = YES;
				IPHONEOS_DEPLOYMENT_TARGET = 26.2;
				LOCALIZATION_PREFERS_STRING_CATALOGS = YES;
				MTL_ENABLE_DEBUG_INFO = INCLUDE_SOURCE;
				MTL_FAST_MATH = YES;
				ONLY_ACTIVE_ARCH = YES;
				SDKROOT = iphoneos;
				SWIFT_ACTIVE_COMPILATION_CONDITIONS = "DEBUG $(inherited)";
				SWIFT_OPTIMIZATION_LEVEL = "-Onone";
			};
			name = Debug;
		};
		746155032F2C9479009F9968 /* Release */ = {
			isa = XCBuildConfiguration;
			buildSettings = {
				ALWAYS_SEARCH_USER_PATHS = NO;
				ASSETCATALOG_COMPILER_GENERATE_SWIFT_ASSET_SYMBOL_EXTENSIONS = YES;
				CLANG_ANALYZER_NONNULL = YES;
				CLANG_ANALYZER_NUMBER_OBJECT_CONVERSION = YES_AGGRESSIVE;
				CLANG_CXX_LANGUAGE_STANDARD = "gnu++20";
				CLANG_ENABLE_MODULES = YES;
				CLANG_ENABLE_OBJC_ARC = YES;
				CLANG_ENABLE_OBJC_WEAK = YES;
				CLANG_WARN_BLOCK_CAPTURE_AUTORELEASING = YES;
				CLANG_WARN_BOOL_CONVERSION = YES;
				CLANG_WARN_COMMA = YES;
				CLANG_WARN_CONSTANT_CONVERSION = YES;
				CLANG_WARN_DEPRECATED_OBJC_IMPLEMENTATIONS = YES;
				CLANG_WARN_DIRECT_OBJC_ISA_USAGE = YES_ERROR;
				CLANG_WARN_DOCUMENTATION_COMMENTS = YES;
				CLANG_WARN_EMPTY_BODY = YES;
				CLANG_WARN_ENUM_CONVERSION = YES;
				CLANG_WARN_INFINITE_RECURSION = YES;
				CLANG_WARN_INT_CONVERSION = YES;
				CLANG_WARN_NON_LITERAL_NULL_CONVERSION = YES;
				CLANG_WARN_OBJC_IMPLICIT_RETAIN_SELF = YES;
				CLANG_WARN_OBJC_LITERAL_CONVERSION = YES;
				CLANG_WARN_OBJC_ROOT_CLASS = YES_ERROR;
				CLANG_WARN_QUOTED_INCLUDE_IN_FRAMEWORK_HEADER = YES;
				CLANG_WARN_RANGE_LOOP_ANALYSIS = YES;
				CLANG_WARN_STRICT_PROTOTYPES = YES;
				CLANG_WARN_SUSPICIOUS_MOVE = YES;
				CLANG_WARN_UNGUARDED_AVAILABILITY = YES_AGGRESSIVE;
				CLANG_WARN_UNREACHABLE_CODE = YES;
				CLANG_WARN__DUPLICATE_METHOD_MATCH = YES;
				COPY_PHASE_STRIP = NO;
				DEBUG_INFORMATION_FORMAT = "dwarf-with-dsym";
				ENABLE_NS_ASSERTIONS = NO;
				ENABLE_STRICT_OBJC_MSGSEND = YES;
				ENABLE_USER_SCRIPT_SANDBOXING = YES;
				GCC_C_LANGUAGE_STANDARD = gnu17;
				GCC_NO_COMMON_BLOCKS = YES;
				GCC_WARN_64_TO_32_BIT_CONVERSION = YES;
				GCC_WARN_ABOUT_RETURN_TYPE = YES_ERROR;
				GCC_WARN_UNDECLARED_SELECTOR = YES;
				GCC_WARN_UNINITIALIZED_AUTOS = YES_AGGRESSIVE;
				GCC_WARN_UNUSED_FUNCTION = YES;
				GCC_WARN_UNUSED_VARIABLE = YES;
				IPHONEOS_DEPLOYMENT_TARGET = 26.2;
				LOCALIZATION_PREFERS_STRING_CATALOGS = YES;
				MTL_ENABLE_DEBUG_INFO = NO;
				MTL_FAST_MATH = YES;
				SDKROOT = iphoneos;
				SWIFT_COMPILATION_MODE = wholemodule;
				VALIDATE_PRODUCT = YES;
			};
			name = Release;
		};
/* End XCBuildConfiguration section */

/* Begin XCConfigurationList section */
		746154E72F2C9478009F9968 /* Build configuration list for PBXProject "75DeepSpaceBreath" */ = {
			isa = XCConfigurationList;
			buildConfigurations = (
				746155022F2C9479009F9968 /* Debug */,
				746155032F2C9479009F9968 /* Release */,
			);
			defaultConfigurationIsVisible = 0;
			defaultConfigurationName = Release;
		};
		746154FF2F2C9479009F9968 /* Build configuration list for PBXNativeTarget "75DeepSpaceBreath" */ = {
			isa = XCConfigurationList;
			buildConfigurations = (
				746155002F2C9479009F9968 /* Debug */,
				746155012F2C9479009F9968 /* Release */,
			);
			defaultConfigurationIsVisible = 0;
			defaultConfigurationName = Release;
		};
/* End XCConfigurationList section */
	};
	rootObject = 746154E42F2C9478009F9968 /* Project object */;
}
